
Microsoft Visual Studio Solution File, Format Version 12.00
# Visual Studio Version 16
VisualStudioVersion = 16.0.31129.286
MinimumVisualStudioVersion = 10.0.40219.1
Project("{FAE04EC0-301F-11D3-BF4B-00C04F79EFBC}") = "Profitbase.Data", "Profitbase.Data\Profitbase.Data.csproj", "{921F752D-7EB0-47F2-89D4-23EC5ED32818}"
EndProject
Project("{FAE04EC0-301F-11D3-BF4B-00C04F79EFBC}") = "Profitbase.Wrapper", "Profitbase.Wrapper\Profitbase.Wrapper.csproj", "{D3026562-A2FE-4E34-96AB-B2175018F25E}"
EndProject
Project("{FAE04EC0-301F-11D3-BF4B-00C04F79EFBC}") = "Profitbase.Example", "Profitbase.Example\Profitbase.Example.csproj", "{45B88A2F-3CD2-4DE9-B3A4-22613D79871E}"
EndProject
Global
	GlobalSection(SolutionConfigurationPlatforms) = preSolution
		Debug|Any CPU = Debug|Any CPU
		Release|Any CPU = Release|Any CPU
	EndGlobalSection
	GlobalSection(ProjectConfigurationPlatforms) = postSolution
		{921F752D-7EB0-47F2-89D4-23EC5ED32818}.Debug|Any CPU.ActiveCfg = Debug|Any CPU
		{921F752D-7EB0-47F2-89D4-23EC5ED32818}.Debug|Any CPU.Build.0 = Debug|Any CPU
		{921F752D-7EB0-47F2-89D4-23EC5ED32818}.Release|Any CPU.ActiveCfg = Release|Any CPU
		{921F752D-7EB0-47F2-89D4-23EC5ED32818}.Release|Any CPU.Build.0 = Release|Any CPU
		{D3026562-A2FE-4E34-96AB-B2175018F25E}.Debug|Any CPU.ActiveCfg = Debug|Any CPU
		{D3026562-A2FE-4E34-96AB-B2175018F25E}.Debug|Any CPU.Build.0 = Debug|Any CPU
		{D3026562-A2FE-4E34-96AB-B2175018F25E}.Release|Any CPU.ActiveCfg = Release|Any CPU
		{D3026562-A2FE-4E34-96AB-B2175018F25E}.Release|Any CPU.Build.0 = Release|Any CPU
		{45B88A2F-3CD2-4DE9-B3A4-22613D79871E}.Debug|Any CPU.ActiveCfg = Debug|Any CPU
		{45B88A2F-3CD2-4DE9-B3A4-22613D79871E}.Debug|Any CPU.Build.0 = Debug|Any CPU
		{45B88A2F-3CD2-4DE9-B3A4-22613D79871E}.Release|Any CPU.ActiveCfg = Release|Any CPU
		{45B88A2F-3CD2-4DE9-B3A4-22613D79871E}.Release|Any CPU.Build.0 = Release|Any CPU
	EndGlobalSection
	GlobalSection(SolutionProperties) = preSolution
		HideSolutionNode = FALSE
	EndGlobalSection
	GlobalSection(ExtensibilityGlobals) = postSolution
		SolutionGuid = {5AC11060-7A84-482B-9038-620CDEF49329}
	EndGlobalSection
EndGlobal
